
Microsoft Visual Studio Solution File, Format Version 12.00
# Visual Studio 15
Project("{FAE04EC0-301F-11D3-BF4B-00C04F79EFBC}") = "Assembly-CSharp", "Assembly-CSharp.csproj", "{C3DA89E1-70C6-7D6C-993E-C8F831D35880}"
EndProject
Project("{FAE04EC0-301F-11D3-BF4B-00C04F79EFBC}") = "tjgenerators.Editor", "tjgenerators.Editor.csproj", "{EC9BBA55-0A5A-17C7-DF40-B18E3E3F8210}"
EndProject
Project("{FAE04EC0-301F-11D3-BF4B-00C04F79EFBC}") = "TJGenerators.Runtime", "TJGenerators.Runtime.csproj", "{54F1F5C6-39CD-29C2-C33B-AAF975D986DB}"
EndProject
Project("{FAE04EC0-301F-11D3-BF4B-00C04F79EFBC}") = "UnityTcp.CustomTool", "UnityTcp.CustomTool.csproj", "{CC44F21D-8186-0B90-361B-76DE49FE0687}"
EndProject
Global
	GlobalSection(SolutionConfigurationPlatforms) = preSolution
		Debug|Any CPU = Debug|Any CPU
		Release|Any CPU = Release|Any CPU
	EndGlobalSection
	GlobalSection(ProjectConfigurationPlatforms) = postSolution
		{C3DA89E1-70C6-7D6C-993E-C8F831D35880}.Debug|Any CPU.ActiveCfg = Debug|Any CPU
		{C3DA89E1-70C6-7D6C-993E-C8F831D35880}.Debug|Any CPU.Build.0 = Debug|Any CPU
		{C3DA89E1-70C6-7D6C-993E-C8F831D35880}.Release|Any CPU.ActiveCfg = Release|Any CPU
		{C3DA89E1-70C6-7D6C-993E-C8F831D35880}.Release|Any CPU.Build.0 = Release|Any CPU
		{EC9BBA55-0A5A-17C7-DF40-B18E3E3F8210}.Debug|Any CPU.ActiveCfg = Debug|Any CPU
		{EC9BBA55-0A5A-17C7-DF40-B18E3E3F8210}.Debug|Any CPU.Build.0 = Debug|Any CPU
		{EC9BBA55-0A5A-17C7-DF40-B18E3E3F8210}.Release|Any CPU.ActiveCfg = Release|Any CPU
		{EC9BBA55-0A5A-17C7-DF40-B18E3E3F8210}.Release|Any CPU.Build.0 = Release|Any CPU
		{54F1F5C6-39CD-29C2-C33B-AAF975D986DB}.Debug|Any CPU.ActiveCfg = Debug|Any CPU
		{54F1F5C6-39CD-29C2-C33B-AAF975D986DB}.Debug|Any CPU.Build.0 = Debug|Any CPU
		{54F1F5C6-39CD-29C2-C33B-AAF975D986DB}.Release|Any CPU.ActiveCfg = Release|Any CPU
		{54F1F5C6-39CD-29C2-C33B-AAF975D986DB}.Release|Any CPU.Build.0 = Release|Any CPU
		{CC44F21D-8186-0B90-361B-76DE49FE0687}.Debug|Any CPU.ActiveCfg = Debug|Any CPU
		{CC44F21D-8186-0B90-361B-76DE49FE0687}.Debug|Any CPU.Build.0 = Debug|Any CPU
		{CC44F21D-8186-0B90-361B-76DE49FE0687}.Release|Any CPU.ActiveCfg = Release|Any CPU
		{CC44F21D-8186-0B90-361B-76DE49FE0687}.Release|Any CPU.Build.0 = Release|Any CPU
	EndGlobalSection
	GlobalSection(SolutionProperties) = preSolution
		HideSolutionNode = FALSE
	EndGlobalSection
EndGlobal
